
Microsoft Visual Studio Solution File, Format Version 12.00
# Visual Studio Version 16
VisualStudioVersion = 16.0.30711.63
MinimumVisualStudioVersion = 10.0.40219.1
Project("{9092AA53-FB77-4645-B42D-1CCCA6BD08BD}") = "Hospital", "Hospital.njsproj", "{534461C3-3118-457E-8340-C1178AE1EE32}"
EndProject
Global
	GlobalSection(SolutionConfigurationPlatforms) = preSolution
		Debug|Any CPU = Debug|Any CPU
		Release|Any CPU = Release|Any CPU
	EndGlobalSection
	GlobalSection(ProjectConfigurationPlatforms) = postSolution
		{534461C3-3118-457E-8340-C1178AE1EE32}.Debug|Any CPU.ActiveCfg = Debug|Any CPU
		{534461C3-3118-457E-8340-C1178AE1EE32}.Debug|Any CPU.Build.0 = Debug|Any CPU
		{534461C3-3118-457E-8340-C1178AE1EE32}.Release|Any CPU.ActiveCfg = Release|Any CPU
		{534461C3-3118-457E-8340-C1178AE1EE32}.Release|Any CPU.Build.0 = Release|Any CPU
	EndGlobalSection
	GlobalSection(SolutionProperties) = preSolution
		HideSolutionNode = FALSE
	EndGlobalSection
	GlobalSection(ExtensibilityGlobals) = postSolution
		SolutionGuid = {3E2B16A4-6C9A-4559-9AE6-5C52A524ADA0}
	EndGlobalSection
EndGlobal
